
Microsoft Visual Studio Solution File, Format Version 12.00
# Visual Studio 15
VisualStudioVersion = 15.0.27703.2026
MinimumVisualStudioVersion = 10.0.40219.1
Project("{FAE04EC0-301F-11D3-BF4B-00C04F79EFBC}") = "SQLite-net", "nuget\SQLite-net\SQLite-net.csproj", "{7F946494-8EE0-432B-8A87-98961143D5C1}"
EndProject
Global
	GlobalSection(SolutionConfigurationPlatforms) = preSolution
		Debug|Any CPU = Debug|Any CPU
		Debug|iPhone = Debug|iPhone
		Debug|iPhoneSimulator = Debug|iPhoneSimulator
		Release|Any CPU = Release|Any CPU
		Release|iPhone = Release|iPhone
		Release|iPhoneSimulator = Release|iPhoneSimulator
	EndGlobalSection
	GlobalSection(ProjectConfigurationPlatforms) = postSolution
		{7F946494-8EE0-432B-8A87-98961143D5C1}.Debug|Any CPU.ActiveCfg = Debug|Any CPU
		{7F946494-8EE0-432B-8A87-98961143D5C1}.Debug|Any CPU.Build.0 = Debug|Any CPU
		{7F946494-8EE0-432B-8A87-98961143D5C1}.Debug|iPhone.ActiveCfg = Debug|Any CPU
		{7F946494-8EE0-432B-8A87-98961143D5C1}.Debug|iPhone.Build.0 = Debug|Any CPU
		{7F946494-8EE0-432B-8A87-98961143D5C1}.Debug|iPhoneSimulator.ActiveCfg = Debug|Any CPU
		{7F946494-8EE0-432B-8A87-98961143D5C1}.Debug|iPhoneSimulator.Build.0 = Debug|Any CPU
		{7F946494-8EE0-432B-8A87-98961143D5C1}.Release|Any CPU.ActiveCfg = Release|Any CPU
		{7F946494-8EE0-432B-8A87-98961143D5C1}.Release|Any CPU.Build.0 = Release|Any CPU
		{7F946494-8EE0-432B-8A87-98961143D5C1}.Release|iPhone.ActiveCfg = Release|Any CPU
		{7F946494-8EE0-432B-8A87-98961143D5C1}.Release|iPhone.Build.0 = Release|Any CPU
		{7F946494-8EE0-432B-8A87-98961143D5C1}.Release|iPhoneSimulator.ActiveCfg = Release|Any CPU
		{7F946494-8EE0-432B-8A87-98961143D5C1}.Release|iPhoneSimulator.Build.0 = Release|Any CPU
	EndGlobalSection
	GlobalSection(SolutionProperties) = preSolution
		HideSolutionNode = FALSE
	EndGlobalSection
	GlobalSection(ExtensibilityGlobals) = postSolution
		SolutionGuid = {9C9C7571-9CBA-4D5A-BB38-31E7F84F6D70}
	EndGlobalSection
	GlobalSection(MonoDevelopProperties) = preSolution
		StartupItem = tests\SQLite.Tests.csproj
	EndGlobalSection
EndGlobal
